
Microsoft Visual Studio Solution File, Format Version 11.00
# Visual Studio 2010
Project("{FAE04EC0-301F-11D3-BF4B-00C04F79EFBC}") = "Assembly-CSharp", "Assembly-CSharp.csproj", "{80109f7b-849a-7a85-4d89-56845dfea68a}"
EndProject
Project("{FAE04EC0-301F-11D3-BF4B-00C04F79EFBC}") = "Assembly-CSharp-Editor", "Assembly-CSharp-Editor.csproj", "{04f62ad7-8f2f-d578-781d-9e81a7b0694e}"
EndProject
Global
	GlobalSection(SolutionConfigurationPlatforms) = preSolution
		Debug|Any CPU = Debug|Any CPU
	EndGlobalSection
	GlobalSection(ProjectConfigurationPlatforms) = postSolution
		{80109f7b-849a-7a85-4d89-56845dfea68a}.Debug|Any CPU.ActiveCfg = Debug|Any CPU
		{80109f7b-849a-7a85-4d89-56845dfea68a}.Debug|Any CPU.Build.0 = Debug|Any CPU
		{04f62ad7-8f2f-d578-781d-9e81a7b0694e}.Debug|Any CPU.ActiveCfg = Debug|Any CPU
		{04f62ad7-8f2f-d578-781d-9e81a7b0694e}.Debug|Any CPU.Build.0 = Debug|Any CPU
	EndGlobalSection
	GlobalSection(SolutionProperties) = preSolution
		HideSolutionNode = FALSE
	EndGlobalSection
EndGlobal
